<?xml version="1.0" encoding="utf-8"?>
<Project ToolsVersion="4.0" xmlns="http://schemas.microsoft.com/developer/msbuild/2003">
  <ItemGroup>
    <Filter Include="Source Files">
      <UniqueIdentifier>{4FC737F1-C7A5-4376-A066-2A32D752A2FF}</UniqueIdentifier>
      <Extensions>cpp;c;cc;cxx;def;odl;idl;hpj;bat;asm;asmx</Extensions>
    </Filter>
    <Filter Include="Header Files">
      <UniqueIdentifier>{93995380-89BD-4b04-88EB-625FBE52EBFB}</UniqueIdentifier>
      <Extensions>h;hh;hpp;hxx;hm;inl;inc;xsd</Extensions>
    </Filter>
    <Filter Include="Resource Files">
      <UniqueIdentifier>{67DA6AB6-F800-4c08-8B7A-83BB121AAD01}</UniqueIdentifier>
      <Extensions>rc;ico;cur;bmp;dlg;rc2;rct;bin;rgs;gif;jpg;jpeg;jpe;resx;tiff;tif;png;wav;mfcribbon-ms</Extensions>
    </Filter>
    <Filter Include="Source Files\src">
      <UniqueIdentifier>{b6e39de2-0e36-4509-a212-96a474bf3695}</UniqueIdentifier>
    </Filter>
    <Filter Include="Source Files\src\Migrations">
      <UniqueIdentifier>{0e7a9b81-121d-4c61-bcc9-e98284e1872f}</UniqueIdentifier>
    </Filter>
    <Filter Include="Source Files\src\Connections">
      <UniqueIdentifier>{82d899c0-42ba-45ca-ac74-aeaadf3d49ad}</UniqueIdentifier>
    </Filter>
  </ItemGroup>
  <ItemGroup>
    <Text Include="ReadMe.txt" />
  </ItemGroup>
  <ItemGroup>
    <ClInclude Include="targetver.h">
      <Filter>Header Files</Filter>
    </ClInclude>
    <ClInclude Include="LowMigrate.h">
      <Filter>Source Files\src</Filter>
    </ClInclude>
    <ClInclude Include="stdafx.h">
      <Filter>Header Files</Filter>
    </ClInclude>
  </ItemGroup>
  <ItemGroup>
    <ClCompile Include="stdafx.cpp">
      <Filter>Source Files</Filter>
    </ClCompile>
    <ClCompile Include="LowMigrate.cpp">
      <Filter>Source Files\src</Filter>
    </ClCompile>
    <ClCompile Include="ArgumentsParser.cpp">
      <Filter>Source Files\src</Filter>
    </ClCompile>
    <ClCompile Include="CreateTable.cpp">
      <Filter>Source Files\src</Filter>
    </ClCompile>
    <ClCompile Include="QueryDebugging.cpp">
      <Filter>Source Files\src</Filter>
    </ClCompile>
    <ClCompile Include="Migrations.cpp">
      <Filter>Source Files\src\Migrations</Filter>
    </ClCompile>
    <ClCompile Include="SplitMigration.cpp">
      <Filter>Source Files\src\Migrations</Filter>
    </ClCompile>
    <ClCompile Include="AddColumn.cpp">
      <Filter>Source Files\src</Filter>
    </ClCompile>
    <ClCompile Include="OneToMany.cpp">
      <Filter>Source Files\src\Connections</Filter>
    </ClCompile>
    <ClCompile Include="ManyToMany.cpp">
      <Filter>Source Files\src\Connections</Filter>
    </ClCompile>
  </ItemGroup>
</Project>